PODS:
  - AFNetworking (2.6.3):
    - AFNetworking/NSURLConnection (= 2.6.3)
    - AFNetworking/NSURLSession (= 2.6.3)
    - AFNetworking/Reachability (= 2.6.3)
    - AFNetworking/Security (= 2.6.3)
    - AFNetworking/Serialization (= 2.6.3)
    - AFNetworking/UIKit (= 2.6.3)
  - AFNetworking/NSURLConnection (2.6.3):
    - AFNetworking/Reachability
    - AFNetworking/Security
    - AFNetworking/Serialization
  - AFNetworking/NSURLSession (2.6.3):
    - AFNetworking/Reachability
    - AFNetworking/Security
    - AFNetworking/Serialization
  - AFNetworking/Reachability (2.6.3)
  - AFNetworking/Security (2.6.3)
  - AFNetworking/Serialization (2.6.3)
  - AFNetworking/UIKit (2.6.3):
    - AFNetworking/NSURLConnection
    - AFNetworking/NSURLSession
  - MBProgressHUD (0.9.2)
  - PPSSignatureView (0.1.2)
  - SDWebImage (3.8.1):
    - SDWebImage/Core (= 3.8.1)
  - SDWebImage/Core (3.8.1)
  - SVProgressHUD (HEAD based on 2.0.3)
  - SVPullToRefresh (0.4.1)
  - ZXingObjC (3.1.0):
    - ZXingObjC/All (= 3.1.0)
  - ZXingObjC/All (3.1.0)

DEPENDENCIES:
  - AFNetworking (~> 2.0)
  - MBProgressHUD (~> 0.7)
  - PPSSignatureView
  - SDWebImage (~> 3.3)
  - SVProgressHUD (HEAD)
  - SVPullToRefresh (~> 0.4.1)
  - ZXingObjC

SPEC CHECKSUMS:
  AFNetworking: cb8d14a848e831097108418f5d49217339d4eb60
  MBProgressHUD: 1569cf7ace17a8bac47aabfbb8580a49690386d1
  PPSSignatureView: 746f1fc186dea15c248bc99cc64182f93af131b9
  SDWebImage: 35f9627a3e44b4f292a8a8ce6a531fa488239b91
  SVProgressHUD: b0830714205bea1317ea1a2ebc71e5633af334d4
  SVPullToRefresh: ba2e718695a43253d8bea6852d2960097dc15d8c
  ZXingObjC: bf15b3814f7a105b6d99f47da2333c93a063650a

COCOAPODS: 0.39.0
